
Microsoft Visual Studio Solution File, Format Version 12.00
# Visual Studio 2012
Project("{8BC9CEB8-8B4A-11D0-8D11-00A0C91BC942}") = "Task1_1", "Task1\Task1.vcxproj", "{66204F36-0529-4BE2-93EE-5112B78FFB0D}"
EndProject
Project("{8BC9CEB8-8B4A-11D0-8D11-00A0C91BC942}") = "Task1_2", "Task2\Task2.vcxproj", "{380AC77C-FF9A-427A-87F0-3A1AB03B4A63}"
EndProject
Project("{8BC9CEB8-8B4A-11D0-8D11-00A0C91BC942}") = "Task1_3", "Task3\Task3.vcxproj", "{C792BC34-823A-42D0-8AAC-7E7669C3D398}"
EndProject
Project("{8BC9CEB8-8B4A-11D0-8D11-00A0C91BC942}") = "Task1_4", "Task4\Task4.vcxproj", "{EA6626DB-FFFD-4106-A1D2-49AEB0399240}"
EndProject
Project("{8BC9CEB8-8B4A-11D0-8D11-00A0C91BC942}") = "Task1_7", "Task7\Task7.vcxproj", "{0821AB8A-58FE-42B0-87E2-2EECF24FEA3C}"
EndProject
Project("{8BC9CEB8-8B4A-11D0-8D11-00A0C91BC942}") = "Task1_5", "Task5\Task5.vcxproj", "{FF2816B4-37BA-466B-8BD2-D3398A0A73FB}"
EndProject
Project("{8BC9CEB8-8B4A-11D0-8D11-00A0C91BC942}") = "Task1_6", "Task6\Task6.vcxproj", "{BEF22F20-07C2-4611-ABE4-87FEF656AD49}"
EndProject
Project("{8BC9CEB8-8B4A-11D0-8D11-00A0C91BC942}") = "Sem2", "Sem2\Sem2.vcxproj", "{EE73F9D3-9D27-405A-887F-2EB45B19ACD9}"
EndProject
Project("{8BC9CEB8-8B4A-11D0-8D11-00A0C91BC942}") = "Sem3", "Sem3\Sem3.vcxproj", "{555B4093-F673-4225-9EDD-0DAC6383B13E}"
EndProject
Project("{8BC9CEB8-8B4A-11D0-8D11-00A0C91BC942}") = "Task2_1", "Task2_1\Task2_1.vcxproj", "{A48F5B4C-3BE0-4999-B79B-A6D915A2FFBF}"
EndProject
Project("{8BC9CEB8-8B4A-11D0-8D11-00A0C91BC942}") = "Task2_2", "Task2_2\Task2_2.vcxproj", "{F9D2DD9D-6BBF-426B-8CAC-AE3B88B216BA}"
EndProject
Project("{8BC9CEB8-8B4A-11D0-8D11-00A0C91BC942}") = "Task2_6", "Task2_6\Task2_6.vcxproj", "{DCB5C737-8983-495A-B153-7F3064969643}"
EndProject
Project("{8BC9CEB8-8B4A-11D0-8D11-00A0C91BC942}") = "Task2_3", "Task2_3\Task2_3.vcxproj", "{9F62DA1E-F69C-4D74-B9B2-8D8F2A1D3E62}"
EndProject
Project("{8BC9CEB8-8B4A-11D0-8D11-00A0C91BC942}") = "Task2_4", "Task2_4\Task2_4.vcxproj", "{037A0DDF-10B3-48B9-BF0B-00D7AAFB8DEF}"
EndProject
Project("{8BC9CEB8-8B4A-11D0-8D11-00A0C91BC942}") = "Task2_5", "Task2_5\Task2_5.vcxproj", "{0E428909-09EC-4414-B70E-0D52FB580B9C}"
EndProject
Project("{8BC9CEB8-8B4A-11D0-8D11-00A0C91BC942}") = "Task2_7", "Task2_7\Task2_7.vcxproj", "{DA89551E-982F-4C17-AECB-72427051DF8D}"
EndProject
Project("{8BC9CEB8-8B4A-11D0-8D11-00A0C91BC942}") = "Sem4", "Sem4\Sem4.vcxproj", "{10B9F546-5582-4F84-907A-0740D9858970}"
EndProject
Project("{8BC9CEB8-8B4A-11D0-8D11-00A0C91BC942}") = "Task3_1", "Task3_1\Task3_1.vcxproj", "{D368C92C-BB14-44C4-9039-3EAFF55FA1C4}"
EndProject
Project("{8BC9CEB8-8B4A-11D0-8D11-00A0C91BC942}") = "Task3_2", "Task3_2\Task3_2.vcxproj", "{5E0108CC-A3C0-4911-87FD-31349F96F06C}"
EndProject
Project("{8BC9CEB8-8B4A-11D0-8D11-00A0C91BC942}") = "Task3_3", "Task3_3\Task3_3.vcxproj", "{3A44C966-2C93-4D42-8CBF-62B3C8D0A49D}"
EndProject
Project("{8BC9CEB8-8B4A-11D0-8D11-00A0C91BC942}") = "Sem5", "Sem5\Sem5.vcxproj", "{34C29A60-ADB5-46F8-83A3-374702666C42}"
EndProject
Project("{8BC9CEB8-8B4A-11D0-8D11-00A0C91BC942}") = "Task3_4", "Task3_4\Task3_4.vcxproj", "{D5245B0E-B5CB-4C90-8897-9B4087F54286}"
EndProject
Project("{8BC9CEB8-8B4A-11D0-8D11-00A0C91BC942}") = "Sem6", "Sem6\Sem6.vcxproj", "{81569675-B9AD-41AF-A5C1-F3CEF8FF3FF7}"
EndProject
Global
	GlobalSection(SolutionConfigurationPlatforms) = preSolution
		Debug|Win32 = Debug|Win32
		Release|Win32 = Release|Win32
	EndGlobalSection
	GlobalSection(ProjectConfigurationPlatforms) = postSolution
		{66204F36-0529-4BE2-93EE-5112B78FFB0D}.Debug|Win32.ActiveCfg = Debug|Win32
		{66204F36-0529-4BE2-93EE-5112B78FFB0D}.Debug|Win32.Build.0 = Debug|Win32
		{66204F36-0529-4BE2-93EE-5112B78FFB0D}.Release|Win32.ActiveCfg = Release|Win32
		{66204F36-0529-4BE2-93EE-5112B78FFB0D}.Release|Win32.Build.0 = Release|Win32
		{380AC77C-FF9A-427A-87F0-3A1AB03B4A63}.Debug|Win32.ActiveCfg = Debug|Win32
		{380AC77C-FF9A-427A-87F0-3A1AB03B4A63}.Debug|Win32.Build.0 = Debug|Win32
		{380AC77C-FF9A-427A-87F0-3A1AB03B4A63}.Release|Win32.ActiveCfg = Release|Win32
		{380AC77C-FF9A-427A-87F0-3A1AB03B4A63}.Release|Win32.Build.0 = Release|Win32
		{C792BC34-823A-42D0-8AAC-7E7669C3D398}.Debug|Win32.ActiveCfg = Debug|Win32
		{C792BC34-823A-42D0-8AAC-7E7669C3D398}.Debug|Win32.Build.0 = Debug|Win32
		{C792BC34-823A-42D0-8AAC-7E7669C3D398}.Release|Win32.ActiveCfg = Release|Win32
		{C792BC34-823A-42D0-8AAC-7E7669C3D398}.Release|Win32.Build.0 = Release|Win32
		{EA6626DB-FFFD-4106-A1D2-49AEB0399240}.Debug|Win32.ActiveCfg = Debug|Win32
		{EA6626DB-FFFD-4106-A1D2-49AEB0399240}.Debug|Win32.Build.0 = Debug|Win32
		{EA6626DB-FFFD-4106-A1D2-49AEB0399240}.Release|Win32.ActiveCfg = Release|Win32
		{EA6626DB-FFFD-4106-A1D2-49AEB0399240}.Release|Win32.Build.0 = Release|Win32
		{0821AB8A-58FE-42B0-87E2-2EECF24FEA3C}.Debug|Win32.ActiveCfg = Debug|Win32
		{0821AB8A-58FE-42B0-87E2-2EECF24FEA3C}.Debug|Win32.Build.0 = Debug|Win32
		{0821AB8A-58FE-42B0-87E2-2EECF24FEA3C}.Release|Win32.ActiveCfg = Release|Win32
		{0821AB8A-58FE-42B0-87E2-2EECF24FEA3C}.Release|Win32.Build.0 = Release|Win32
		{FF2816B4-37BA-466B-8BD2-D3398A0A73FB}.Debug|Win32.ActiveCfg = Debug|Win32
		{FF2816B4-37BA-466B-8BD2-D3398A0A73FB}.Debug|Win32.Build.0 = Debug|Win32
		{FF2816B4-37BA-466B-8BD2-D3398A0A73FB}.Release|Win32.ActiveCfg = Release|Win32
		{FF2816B4-37BA-466B-8BD2-D3398A0A73FB}.Release|Win32.Build.0 = Release|Win32
		{BEF22F20-07C2-4611-ABE4-87FEF656AD49}.Debug|Win32.ActiveCfg = Debug|Win32
		{BEF22F20-07C2-4611-ABE4-87FEF656AD49}.Debug|Win32.Build.0 = Debug|Win32
		{BEF22F20-07C2-4611-ABE4-87FEF656AD49}.Release|Win32.ActiveCfg = Release|Win32
		{BEF22F20-07C2-4611-ABE4-87FEF656AD49}.Release|Win32.Build.0 = Release|Win32
		{EE73F9D3-9D27-405A-887F-2EB45B19ACD9}.Debug|Win32.ActiveCfg = Debug|Win32
		{EE73F9D3-9D27-405A-887F-2EB45B19ACD9}.Debug|Win32.Build.0 = Debug|Win32
		{EE73F9D3-9D27-405A-887F-2EB45B19ACD9}.Release|Win32.ActiveCfg = Release|Win32
		{EE73F9D3-9D27-405A-887F-2EB45B19ACD9}.Release|Win32.Build.0 = Release|Win32
		{555B4093-F673-4225-9EDD-0DAC6383B13E}.Debug|Win32.ActiveCfg = Debug|Win32
		{555B4093-F673-4225-9EDD-0DAC6383B13E}.Debug|Win32.Build.0 = Debug|Win32
		{555B4093-F673-4225-9EDD-0DAC6383B13E}.Release|Win32.ActiveCfg = Release|Win32
		{555B4093-F673-4225-9EDD-0DAC6383B13E}.Release|Win32.Build.0 = Release|Win32
		{A48F5B4C-3BE0-4999-B79B-A6D915A2FFBF}.Debug|Win32.ActiveCfg = Debug|Win32
		{A48F5B4C-3BE0-4999-B79B-A6D915A2FFBF}.Debug|Win32.Build.0 = Debug|Win32
		{A48F5B4C-3BE0-4999-B79B-A6D915A2FFBF}.Release|Win32.ActiveCfg = Release|Win32
		{A48F5B4C-3BE0-4999-B79B-A6D915A2FFBF}.Release|Win32.Build.0 = Release|Win32
		{F9D2DD9D-6BBF-426B-8CAC-AE3B88B216BA}.Debug|Win32.ActiveCfg = Debug|Win32
		{F9D2DD9D-6BBF-426B-8CAC-AE3B88B216BA}.Debug|Win32.Build.0 = Debug|Win32
		{F9D2DD9D-6BBF-426B-8CAC-AE3B88B216BA}.Release|Win32.ActiveCfg = Release|Win32
		{F9D2DD9D-6BBF-426B-8CAC-AE3B88B216BA}.Release|Win32.Build.0 = Release|Win32
		{DCB5C737-8983-495A-B153-7F3064969643}.Debug|Win32.ActiveCfg = Debug|Win32
		{DCB5C737-8983-495A-B153-7F3064969643}.Debug|Win32.Build.0 = Debug|Win32
		{DCB5C737-8983-495A-B153-7F3064969643}.Release|Win32.ActiveCfg = Release|Win32
		{DCB5C737-8983-495A-B153-7F3064969643}.Release|Win32.Build.0 = Release|Win32
		{9F62DA1E-F69C-4D74-B9B2-8D8F2A1D3E62}.Debug|Win32.ActiveCfg = Debug|Win32
		{9F62DA1E-F69C-4D74-B9B2-8D8F2A1D3E62}.Debug|Win32.Build.0 = Debug|Win32
		{9F62DA1E-F69C-4D74-B9B2-8D8F2A1D3E62}.Release|Win32.ActiveCfg = Release|Win32
		{9F62DA1E-F69C-4D74-B9B2-8D8F2A1D3E62}.Release|Win32.Build.0 = Release|Win32
		{037A0DDF-10B3-48B9-BF0B-00D7AAFB8DEF}.Debug|Win32.ActiveCfg = Debug|Win32
		{037A0DDF-10B3-48B9-BF0B-00D7AAFB8DEF}.Debug|Win32.Build.0 = Debug|Win32
		{037A0DDF-10B3-48B9-BF0B-00D7AAFB8DEF}.Release|Win32.ActiveCfg = Release|Win32
		{037A0DDF-10B3-48B9-BF0B-00D7AAFB8DEF}.Release|Win32.Build.0 = Release|Win32
		{0E428909-09EC-4414-B70E-0D52FB580B9C}.Debug|Win32.ActiveCfg = Debug|Win32
		{0E428909-09EC-4414-B70E-0D52FB580B9C}.Debug|Win32.Build.0 = Debug|Win32
		{0E428909-09EC-4414-B70E-0D52FB580B9C}.Release|Win32.ActiveCfg = Release|Win32
		{0E428909-09EC-4414-B70E-0D52FB580B9C}.Release|Win32.Build.0 = Release|Win32
		{DA89551E-982F-4C17-AECB-72427051DF8D}.Debug|Win32.ActiveCfg = Debug|Win32
		{DA89551E-982F-4C17-AECB-72427051DF8D}.Debug|Win32.Build.0 = Debug|Win32
		{DA89551E-982F-4C17-AECB-72427051DF8D}.Release|Win32.ActiveCfg = Release|Win32
		{DA89551E-982F-4C17-AECB-72427051DF8D}.Release|Win32.Build.0 = Release|Win32
		{10B9F546-5582-4F84-907A-0740D9858970}.Debug|Win32.ActiveCfg = Debug|Win32
		{10B9F546-5582-4F84-907A-0740D9858970}.Debug|Win32.Build.0 = Debug|Win32
		{10B9F546-5582-4F84-907A-0740D9858970}.Release|Win32.ActiveCfg = Release|Win32
		{10B9F546-5582-4F84-907A-0740D9858970}.Release|Win32.Build.0 = Release|Win32
		{D368C92C-BB14-44C4-9039-3EAFF55FA1C4}.Debug|Win32.ActiveCfg = Debug|Win32
		{D368C92C-BB14-44C4-9039-3EAFF55FA1C4}.Debug|Win32.Build.0 = Debug|Win32
		{D368C92C-BB14-44C4-9039-3EAFF55FA1C4}.Release|Win32.ActiveCfg = Release|Win32
		{D368C92C-BB14-44C4-9039-3EAFF55FA1C4}.Release|Win32.Build.0 = Release|Win32
		{5E0108CC-A3C0-4911-87FD-31349F96F06C}.Debug|Win32.ActiveCfg = Debug|Win32
		{5E0108CC-A3C0-4911-87FD-31349F96F06C}.Debug|Win32.Build.0 = Debug|Win32
		{5E0108CC-A3C0-4911-87FD-31349F96F06C}.Release|Win32.ActiveCfg = Release|Win32
		{5E0108CC-A3C0-4911-87FD-31349F96F06C}.Release|Win32.Build.0 = Release|Win32
		{3A44C966-2C93-4D42-8CBF-62B3C8D0A49D}.Debug|Win32.ActiveCfg = Debug|Win32
		{3A44C966-2C93-4D42-8CBF-62B3C8D0A49D}.Debug|Win32.Build.0 = Debug|Win32
		{3A44C966-2C93-4D42-8CBF-62B3C8D0A49D}.Release|Win32.ActiveCfg = Release|Win32
		{3A44C966-2C93-4D42-8CBF-62B3C8D0A49D}.Release|Win32.Build.0 = Release|Win32
		{34C29A60-ADB5-46F8-83A3-374702666C42}.Debug|Win32.ActiveCfg = Debug|Win32
		{34C29A60-ADB5-46F8-83A3-374702666C42}.Debug|Win32.Build.0 = Debug|Win32
		{34C29A60-ADB5-46F8-83A3-374702666C42}.Release|Win32.ActiveCfg = Release|Win32
		{34C29A60-ADB5-46F8-83A3-374702666C42}.Release|Win32.Build.0 = Release|Win32
		{D5245B0E-B5CB-4C90-8897-9B4087F54286}.Debug|Win32.ActiveCfg = Debug|Win32
		{D5245B0E-B5CB-4C90-8897-9B4087F54286}.Debug|Win32.Build.0 = Debug|Win32
		{D5245B0E-B5CB-4C90-8897-9B4087F54286}.Release|Win32.ActiveCfg = Release|Win32
		{D5245B0E-B5CB-4C90-8897-9B4087F54286}.Release|Win32.Build.0 = Release|Win32
		{81569675-B9AD-41AF-A5C1-F3CEF8FF3FF7}.Debug|Win32.ActiveCfg = Debug|Win32
		{81569675-B9AD-41AF-A5C1-F3CEF8FF3FF7}.Debug|Win32.Build.0 = Debug|Win32
		{81569675-B9AD-41AF-A5C1-F3CEF8FF3FF7}.Release|Win32.ActiveCfg = Release|Win32
		{81569675-B9AD-41AF-A5C1-F3CEF8FF3FF7}.Release|Win32.Build.0 = Release|Win32
	EndGlobalSection
	GlobalSection(SolutionProperties) = preSolution
		HideSolutionNode = FALSE
	EndGlobalSection
EndGlobal
